
Microsoft Visual Studio Solution File, Format Version 12.00
# Visual Studio Version 17
VisualStudioVersion = 17.7.34031.279
MinimumVisualStudioVersion = 10.0.40219.1
Project("{FAE04EC0-301F-11D3-BF4B-00C04F79EFBC}") = "SportStore", "SportStore.csproj", "{236AE416-B7A8-4177-BFA6-2013404EF857}"
EndProject
Global
	GlobalSection(SolutionConfigurationPlatforms) = preSolution
		Debug|Any CPU = Debug|Any CPU
		Release|Any CPU = Release|Any CPU
	EndGlobalSection
	GlobalSection(ProjectConfigurationPlatforms) = postSolution
		{236AE416-B7A8-4177-BFA6-2013404EF857}.Debug|Any CPU.ActiveCfg = Debug|Any CPU
		{236AE416-B7A8-4177-BFA6-2013404EF857}.Debug|Any CPU.Build.0 = Debug|Any CPU
		{236AE416-B7A8-4177-BFA6-2013404EF857}.Release|Any CPU.ActiveCfg = Release|Any CPU
		{236AE416-B7A8-4177-BFA6-2013404EF857}.Release|Any CPU.Build.0 = Release|Any CPU
	EndGlobalSection
	GlobalSection(SolutionProperties) = preSolution
		HideSolutionNode = FALSE
	EndGlobalSection
	GlobalSection(ExtensibilityGlobals) = postSolution
		SolutionGuid = {2D9E71EF-C3B4-4622-862D-E480F2B8B99E}
	EndGlobalSection
EndGlobal
